// !$*UTF8*$!
{
	archiveVersion = 1;
	classes = {
	};
	objectVersion = 46;
	objects = {

/* Begin PBXBuildFile section */
		AC5BE3F414F9558100AAA32A /* NSEntityDescription+BTTestable.h in Headers */ = {isa = PBXBuildFile; fileRef = AC5BE3F214F9558100AAA32A /* NSEntityDescription+BTTestable.h */; };
		AC5BE3F514F9558100AAA32A /* NSEntityDescription+BTTestable.m in Sources */ = {isa = PBXBuildFile; fileRef = AC5BE3F314F9558100AAA32A /* NSEntityDescription+BTTestable.m */; };
		AC61EFDC14C8E5FA0038A162 /* BehavioralTestKit.h in Headers */ = {isa = PBXBuildFile; fileRef = ACEB1E9414C7C017005EDB1A /* BehavioralTestKit.h */; settings = {ATTRIBUTES = (Public, ); }; };
		ACE87EFE14C9CF5F00EFF3E0 /* AMutableStringAlmond.m in Sources */ = {isa = PBXBuildFile; fileRef = ACE87EF614C9CF5C00EFF3E0 /* AMutableStringAlmond.m */; };
		ACE87EFF14C9CF5F00EFF3E0 /* AMutableStringApple.m in Sources */ = {isa = PBXBuildFile; fileRef = ACE87EF714C9CF5C00EFF3E0 /* AMutableStringApple.m */; };
		ACE87F0014C9CF5F00EFF3E0 /* AMutableStringPeanut.m in Sources */ = {isa = PBXBuildFile; fileRef = ACE87EF814C9CF5D00EFF3E0 /* AMutableStringPeanut.m */; };
		ACE87F0114C9CF5F00EFF3E0 /* AppendMutableStringFeature.m in Sources */ = {isa = PBXBuildFile; fileRef = ACE87EF914C9CF5D00EFF3E0 /* AppendMutableStringFeature.m */; };
		ACE87F0214C9CF5F00EFF3E0 /* EnsureTheStringIsAlmondButter.m in Sources */ = {isa = PBXBuildFile; fileRef = ACE87EFA14C9CF5E00EFF3E0 /* EnsureTheStringIsAlmondButter.m */; };
		ACE87F0314C9CF5F00EFF3E0 /* EnsureTheStringIsAppleButter.m in Sources */ = {isa = PBXBuildFile; fileRef = ACE87EFB14C9CF5E00EFF3E0 /* EnsureTheStringIsAppleButter.m */; };
		ACE87F0414C9CF5F00EFF3E0 /* EnsureTheStringIsPeanutButter.m in Sources */ = {isa = PBXBuildFile; fileRef = ACE87EFC14C9CF5F00EFF3E0 /* EnsureTheStringIsPeanutButter.m */; };
		ACE87F0514C9CF5F00EFF3E0 /* StringIsAppendedWithButter.m in Sources */ = {isa = PBXBuildFile; fileRef = ACE87EFD14C9CF5F00EFF3E0 /* StringIsAppendedWithButter.m */; };
		ACEB1E9014C7C017005EDB1A /* Foundation.framework in Frameworks */ = {isa = PBXBuildFile; fileRef = ACEB1E8F14C7C017005EDB1A /* Foundation.framework */; };
		ACEB1E9614C7C017005EDB1A /* BehavioralTestKit.m in Sources */ = {isa = PBXBuildFile; fileRef = ACEB1E9514C7C017005EDB1A /* BehavioralTestKit.m */; };
		ACEB1E9E14C7C017005EDB1A /* SenTestingKit.framework in Frameworks */ = {isa = PBXBuildFile; fileRef = ACEB1E9D14C7C017005EDB1A /* SenTestingKit.framework */; };
		ACEB1EA014C7C017005EDB1A /* UIKit.framework in Frameworks */ = {isa = PBXBuildFile; fileRef = ACEB1E9F14C7C017005EDB1A /* UIKit.framework */; };
		ACEB1EA114C7C017005EDB1A /* Foundation.framework in Frameworks */ = {isa = PBXBuildFile; fileRef = ACEB1E8F14C7C017005EDB1A /* Foundation.framework */; };
		ACEB1EA414C7C017005EDB1A /* libBehavioralTestKit.a in Frameworks */ = {isa = PBXBuildFile; fileRef = ACEB1E8C14C7C017005EDB1A /* libBehavioralTestKit.a */; };
		ACEB1EAA14C7C017005EDB1A /* InfoPlist.strings in Resources */ = {isa = PBXBuildFile; fileRef = ACEB1EA814C7C017005EDB1A /* InfoPlist.strings */; };
		ACEB1ECB14C7C110005EDB1A /* BTFragment.h in Headers */ = {isa = PBXBuildFile; fileRef = ACEB1EBF14C7C110005EDB1A /* BTFragment.h */; settings = {ATTRIBUTES = (Public, ); }; };
		ACEB1ECC14C7C110005EDB1A /* BTFragment.m in Sources */ = {isa = PBXBuildFile; fileRef = ACEB1EC014C7C110005EDB1A /* BTFragment.m */; };
		ACEB1ECD14C7C110005EDB1A /* BTGiven.h in Headers */ = {isa = PBXBuildFile; fileRef = ACEB1EC114C7C110005EDB1A /* BTGiven.h */; settings = {ATTRIBUTES = (Public, ); }; };
		ACEB1ECE14C7C110005EDB1A /* BTGiven.m in Sources */ = {isa = PBXBuildFile; fileRef = ACEB1EC214C7C110005EDB1A /* BTGiven.m */; };
		ACEB1ECF14C7C110005EDB1A /* BTScenario.h in Headers */ = {isa = PBXBuildFile; fileRef = ACEB1EC314C7C110005EDB1A /* BTScenario.h */; settings = {ATTRIBUTES = (Public, ); }; };
		ACEB1ED014C7C110005EDB1A /* BTScenario.m in Sources */ = {isa = PBXBuildFile; fileRef = ACEB1EC414C7C110005EDB1A /* BTScenario.m */; };
		ACEB1ED114C7C110005EDB1A /* BTThen.h in Headers */ = {isa = PBXBuildFile; fileRef = ACEB1EC514C7C110005EDB1A /* BTThen.h */; settings = {ATTRIBUTES = (Public, ); }; };
		ACEB1ED214C7C110005EDB1A /* BTThen.m in Sources */ = {isa = PBXBuildFile; fileRef = ACEB1EC614C7C110005EDB1A /* BTThen.m */; };
		ACEB1ED314C7C110005EDB1A /* BTWhen.h in Headers */ = {isa = PBXBuildFile; fileRef = ACEB1EC714C7C110005EDB1A /* BTWhen.h */; settings = {ATTRIBUTES = (Public, ); }; };
		ACEB1ED414C7C110005EDB1A /* BTWhen.m in Sources */ = {isa = PBXBuildFile; fileRef = ACEB1EC814C7C110005EDB1A /* BTWhen.m */; };
		ACEB1ED814C7C29C005EDB1A /* SenTestingKit.framework in Frameworks */ = {isa = PBXBuildFile; fileRef = ACEB1E9D14C7C017005EDB1A /* SenTestingKit.framework */; };
/* End PBXBuildFile section */

/* Begin PBXContainerItemProxy section */
		ACEB1EA214C7C017005EDB1A /* PBXContainerItemProxy */ = {
			isa = PBXContainerItemProxy;
			containerPortal = ACEB1E8314C7C017005EDB1A /* Project object */;
			proxyType = 1;
			remoteGlobalIDString = ACEB1E8B14C7C017005EDB1A;
			remoteInfo = BehavioralTestKit;
		};
/* End PBXContainerItemProxy section */

/* Begin PBXFileReference section */
		AC5BE3F214F9558100AAA32A /* NSEntityDescription+BTTestable.h */ = {isa = PBXFileReference; fileEncoding = 4; lastKnownFileType = sourcecode.c.h; path = "NSEntityDescription+BTTestable.h"; sourceTree = "<group>"; };
		AC5BE3F314F9558100AAA32A /* NSEntityDescription+BTTestable.m */ = {isa = PBXFileReference; fileEncoding = 4; lastKnownFileType = sourcecode.c.objc; path = "NSEntityDescription+BTTestable.m"; sourceTree = "<group>"; };
		ACE87EF614C9CF5C00EFF3E0 /* AMutableStringAlmond.m */ = {isa = PBXFileReference; fileEncoding = 4; lastKnownFileType = sourcecode.c.objc; name = AMutableStringAlmond.m; path = "Append Mutable String.feature/AMutableStringAlmond.m"; sourceTree = "<group>"; };
		ACE87EF714C9CF5C00EFF3E0 /* AMutableStringApple.m */ = {isa = PBXFileReference; fileEncoding = 4; lastKnownFileType = sourcecode.c.objc; name = AMutableStringApple.m; path = "Append Mutable String.feature/AMutableStringApple.m"; sourceTree = "<group>"; };
		ACE87EF814C9CF5D00EFF3E0 /* AMutableStringPeanut.m */ = {isa = PBXFileReference; fileEncoding = 4; lastKnownFileType = sourcecode.c.objc; name = AMutableStringPeanut.m; path = "Append Mutable String.feature/AMutableStringPeanut.m"; sourceTree = "<group>"; };
		ACE87EF914C9CF5D00EFF3E0 /* AppendMutableStringFeature.m */ = {isa = PBXFileReference; fileEncoding = 4; lastKnownFileType = sourcecode.c.objc; name = AppendMutableStringFeature.m; path = "Append Mutable String.feature/AppendMutableStringFeature.m"; sourceTree = "<group>"; };
		ACE87EFA14C9CF5E00EFF3E0 /* EnsureTheStringIsAlmondButter.m */ = {isa = PBXFileReference; fileEncoding = 4; lastKnownFileType = sourcecode.c.objc; name = EnsureTheStringIsAlmondButter.m; path = "Append Mutable String.feature/EnsureTheStringIsAlmondButter.m"; sourceTree = "<group>"; };
		ACE87EFB14C9CF5E00EFF3E0 /* EnsureTheStringIsAppleButter.m */ = {isa = PBXFileReference; fileEncoding = 4; lastKnownFileType = sourcecode.c.objc; name = EnsureTheStringIsAppleButter.m; path = "Append Mutable String.feature/EnsureTheStringIsAppleButter.m"; sourceTree = "<group>"; };
		ACE87EFC14C9CF5F00EFF3E0 /* EnsureTheStringIsPeanutButter.m */ = {isa = PBXFileReference; fileEncoding = 4; lastKnownFileType = sourcecode.c.objc; name = EnsureTheStringIsPeanutButter.m; path = "Append Mutable String.feature/EnsureTheStringIsPeanutButter.m"; sourceTree = "<group>"; };
		ACE87EFD14C9CF5F00EFF3E0 /* StringIsAppendedWithButter.m */ = {isa = PBXFileReference; fileEncoding = 4; lastKnownFileType = sourcecode.c.objc; name = StringIsAppendedWithButter.m; path = "Append Mutable String.feature/StringIsAppendedWithButter.m"; sourceTree = "<group>"; };
		ACEB1E8C14C7C017005EDB1A /* libBehavioralTestKit.a */ = {isa = PBXFileReference; explicitFileType = archive.ar; includeInIndex = 0; path = libBehavioralTestKit.a; sourceTree = BUILT_PRODUCTS_DIR; };
		ACEB1E8F14C7C017005EDB1A /* Foundation.framework */ = {isa = PBXFileReference; lastKnownFileType = wrapper.framework; name = Foundation.framework; path = System/Library/Frameworks/Foundation.framework; sourceTree = SDKROOT; };
		ACEB1E9314C7C017005EDB1A /* BehavioralTestKit-Prefix.pch */ = {isa = PBXFileReference; lastKnownFileType = sourcecode.c.h; path = "BehavioralTestKit-Prefix.pch"; sourceTree = "<group>"; };
		ACEB1E9414C7C017005EDB1A /* BehavioralTestKit.h */ = {isa = PBXFileReference; lastKnownFileType = sourcecode.c.h; path = BehavioralTestKit.h; sourceTree = "<group>"; };
		ACEB1E9514C7C017005EDB1A /* BehavioralTestKit.m */ = {isa = PBXFileReference; lastKnownFileType = sourcecode.c.objc; path = BehavioralTestKit.m; sourceTree = "<group>"; };
		ACEB1E9C14C7C017005EDB1A /* BehavioralTestKitTests.octest */ = {isa = PBXFileReference; explicitFileType = wrapper.cfbundle; includeInIndex = 0; path = BehavioralTestKitTests.octest; sourceTree = BUILT_PRODUCTS_DIR; };
		ACEB1E9D14C7C017005EDB1A /* SenTestingKit.framework */ = {isa = PBXFileReference; lastKnownFileType = wrapper.framework; name = SenTestingKit.framework; path = Library/Frameworks/SenTestingKit.framework; sourceTree = DEVELOPER_DIR; };
		ACEB1E9F14C7C017005EDB1A /* UIKit.framework */ = {isa = PBXFileReference; lastKnownFileType = wrapper.framework; name = UIKit.framework; path = Library/Frameworks/UIKit.framework; sourceTree = DEVELOPER_DIR; };
		ACEB1EA714C7C017005EDB1A /* BehavioralTestKitTests-Info.plist */ = {isa = PBXFileReference; lastKnownFileType = text.plist.xml; path = "BehavioralTestKitTests-Info.plist"; sourceTree = "<group>"; };
		ACEB1EA914C7C017005EDB1A /* en */ = {isa = PBXFileReference; lastKnownFileType = text.plist.strings; name = en; path = en.lproj/InfoPlist.strings; sourceTree = "<group>"; };
		ACEB1EBF14C7C110005EDB1A /* BTFragment.h */ = {isa = PBXFileReference; fileEncoding = 4; lastKnownFileType = sourcecode.c.h; path = BTFragment.h; sourceTree = "<group>"; };
		ACEB1EC014C7C110005EDB1A /* BTFragment.m */ = {isa = PBXFileReference; fileEncoding = 4; lastKnownFileType = sourcecode.c.objc; path = BTFragment.m; sourceTree = "<group>"; };
		ACEB1EC114C7C110005EDB1A /* BTGiven.h */ = {isa = PBXFileReference; fileEncoding = 4; lastKnownFileType = sourcecode.c.h; path = BTGiven.h; sourceTree = "<group>"; };
		ACEB1EC214C7C110005EDB1A /* BTGiven.m */ = {isa = PBXFileReference; fileEncoding = 4; lastKnownFileType = sourcecode.c.objc; path = BTGiven.m; sourceTree = "<group>"; };
		ACEB1EC314C7C110005EDB1A /* BTScenario.h */ = {isa = PBXFileReference; fileEncoding = 4; lastKnownFileType = sourcecode.c.h; path = BTScenario.h; sourceTree = "<group>"; };
		ACEB1EC414C7C110005EDB1A /* BTScenario.m */ = {isa = PBXFileReference; fileEncoding = 4; lastKnownFileType = sourcecode.c.objc; path = BTScenario.m; sourceTree = "<group>"; };
		ACEB1EC514C7C110005EDB1A /* BTThen.h */ = {isa = PBXFileReference; fileEncoding = 4; lastKnownFileType = sourcecode.c.h; path = BTThen.h; sourceTree = "<group>"; };
		ACEB1EC614C7C110005EDB1A /* BTThen.m */ = {isa = PBXFileReference; fileEncoding = 4; lastKnownFileType = sourcecode.c.objc; path = BTThen.m; sourceTree = "<group>"; };
		ACEB1EC714C7C110005EDB1A /* BTWhen.h */ = {isa = PBXFileReference; fileEncoding = 4; lastKnownFileType = sourcecode.c.h; path = BTWhen.h; sourceTree = "<group>"; };
		ACEB1EC814C7C110005EDB1A /* BTWhen.m */ = {isa = PBXFileReference; fileEncoding = 4; lastKnownFileType = sourcecode.c.objc; path = BTWhen.m; sourceTree = "<group>"; };
/* End PBXFileReference section */

/* Begin PBXFrameworksBuildPhase section */
		ACEB1E8914C7C017005EDB1A /* Frameworks */ = {
			isa = PBXFrameworksBuildPhase;
			buildActionMask = 2147483647;
			files = (
				ACEB1E9014C7C017005EDB1A /* Foundation.framework in Frameworks */,
				ACEB1ED814C7C29C005EDB1A /* SenTestingKit.framework in Frameworks */,
			);
			runOnlyForDeploymentPostprocessing = 0;
		};
		ACEB1E9814C7C017005EDB1A /* Frameworks */ = {
			isa = PBXFrameworksBuildPhase;
			buildActionMask = 2147483647;
			files = (
				ACEB1E9E14C7C017005EDB1A /* SenTestingKit.framework in Frameworks */,
				ACEB1EA014C7C017005EDB1A /* UIKit.framework in Frameworks */,
				ACEB1EA114C7C017005EDB1A /* Foundation.framework in Frameworks */,
				ACEB1EA414C7C017005EDB1A /* libBehavioralTestKit.a in Frameworks */,
			);
			runOnlyForDeploymentPostprocessing = 0;
		};
/* End PBXFrameworksBuildPhase section */

/* Begin PBXGroup section */
		ACEB1E8114C7C017005EDB1A = {
			isa = PBXGroup;
			children = (
				ACEB1E9114C7C017005EDB1A /* BehavioralTestKit */,
				ACEB1EA514C7C017005EDB1A /* BehavioralTestKitTests */,
				ACEB1E8E14C7C017005EDB1A /* Frameworks */,
				ACEB1E8D14C7C017005EDB1A /* Products */,
			);
			sourceTree = "<group>";
		};
		ACEB1E8D14C7C017005EDB1A /* Products */ = {
			isa = PBXGroup;
			children = (
				ACEB1E8C14C7C017005EDB1A /* libBehavioralTestKit.a */,
				ACEB1E9C14C7C017005EDB1A /* BehavioralTestKitTests.octest */,
			);
			name = Products;
			sourceTree = "<group>";
		};
		ACEB1E8E14C7C017005EDB1A /* Frameworks */ = {
			isa = PBXGroup;
			children = (
				ACEB1E8F14C7C017005EDB1A /* Foundation.framework */,
				ACEB1E9D14C7C017005EDB1A /* SenTestingKit.framework */,
				ACEB1E9F14C7C017005EDB1A /* UIKit.framework */,
			);
			name = Frameworks;
			sourceTree = "<group>";
		};
		ACEB1E9114C7C017005EDB1A /* BehavioralTestKit */ = {
			isa = PBXGroup;
			children = (
				ACEB1E9414C7C017005EDB1A /* BehavioralTestKit.h */,
				ACEB1E9514C7C017005EDB1A /* BehavioralTestKit.m */,
				ACEB1EC314C7C110005EDB1A /* BTScenario.h */,
				ACEB1EC414C7C110005EDB1A /* BTScenario.m */,
				ACEB1EC114C7C110005EDB1A /* BTGiven.h */,
				ACEB1EC214C7C110005EDB1A /* BTGiven.m */,
				ACEB1EC714C7C110005EDB1A /* BTWhen.h */,
				ACEB1EC814C7C110005EDB1A /* BTWhen.m */,
				ACEB1EC514C7C110005EDB1A /* BTThen.h */,
				ACEB1EC614C7C110005EDB1A /* BTThen.m */,
				ACEB1EBF14C7C110005EDB1A /* BTFragment.h */,
				ACEB1EC014C7C110005EDB1A /* BTFragment.m */,
				AC5BE3F214F9558100AAA32A /* NSEntityDescription+BTTestable.h */,
				AC5BE3F314F9558100AAA32A /* NSEntityDescription+BTTestable.m */,
				ACEB1E9214C7C017005EDB1A /* Supporting Files */,
			);
			path = BehavioralTestKit;
			sourceTree = "<group>";
		};
		ACEB1E9214C7C017005EDB1A /* Supporting Files */ = {
			isa = PBXGroup;
			children = (
				ACEB1E9314C7C017005EDB1A /* BehavioralTestKit-Prefix.pch */,
			);
			name = "Supporting Files";
			sourceTree = "<group>";
		};
		ACEB1EA514C7C017005EDB1A /* BehavioralTestKitTests */ = {
			isa = PBXGroup;
			children = (
				ACEB1ED914C7C325005EDB1A /* Append Mutable String.feature */,
				ACEB1EA614C7C017005EDB1A /* Supporting Files */,
			);
			path = BehavioralTestKitTests;
			sourceTree = "<group>";
		};
		ACEB1EA614C7C017005EDB1A /* Supporting Files */ = {
			isa = PBXGroup;
			children = (
				ACEB1EA714C7C017005EDB1A /* BehavioralTestKitTests-Info.plist */,
				ACEB1EA814C7C017005EDB1A /* InfoPlist.strings */,
			);
			name = "Supporting Files";
			sourceTree = "<group>";
		};
		ACEB1ED914C7C325005EDB1A /* Append Mutable String.feature */ = {
			isa = PBXGroup;
			children = (
				ACE87EF614C9CF5C00EFF3E0 /* AMutableStringAlmond.m */,
				ACE87EF714C9CF5C00EFF3E0 /* AMutableStringApple.m */,
				ACE87EF814C9CF5D00EFF3E0 /* AMutableStringPeanut.m */,
				ACE87EF914C9CF5D00EFF3E0 /* AppendMutableStringFeature.m */,
				ACE87EFA14C9CF5E00EFF3E0 /* EnsureTheStringIsAlmondButter.m */,
				ACE87EFB14C9CF5E00EFF3E0 /* EnsureTheStringIsAppleButter.m */,
				ACE87EFC14C9CF5F00EFF3E0 /* EnsureTheStringIsPeanutButter.m */,
				ACE87EFD14C9CF5F00EFF3E0 /* StringIsAppendedWithButter.m */,
			);
			name = "Append Mutable String.feature";
			sourceTree = "<group>";
		};
/* End PBXGroup section */

/* Begin PBXHeadersBuildPhase section */
		ACEB1E8A14C7C017005EDB1A /* Headers */ = {
			isa = PBXHeadersBuildPhase;
			buildActionMask = 2147483647;
			files = (
				AC61EFDC14C8E5FA0038A162 /* BehavioralTestKit.h in Headers */,
				ACEB1ECF14C7C110005EDB1A /* BTScenario.h in Headers */,
				ACEB1ECB14C7C110005EDB1A /* BTFragment.h in Headers */,
				ACEB1ECD14C7C110005EDB1A /* BTGiven.h in Headers */,
				ACEB1ED114C7C110005EDB1A /* BTThen.h in Headers */,
				ACEB1ED314C7C110005EDB1A /* BTWhen.h in Headers */,
				AC5BE3F414F9558100AAA32A /* NSEntityDescription+BTTestable.h in Headers */,
			);
			runOnlyForDeploymentPostprocessing = 0;
		};
/* End PBXHeadersBuildPhase section */

/* Begin PBXNativeTarget section */
		ACEB1E8B14C7C017005EDB1A /* BehavioralTestKit */ = {
			isa = PBXNativeTarget;
			buildConfigurationList = ACEB1EB014C7C017005EDB1A /* Build configuration list for PBXNativeTarget "BehavioralTestKit" */;
			buildPhases = (
				ACEB1E8814C7C017005EDB1A /* Sources */,
				ACEB1E8914C7C017005EDB1A /* Frameworks */,
				ACEB1E8A14C7C017005EDB1A /* Headers */,
			);
			buildRules = (
			);
			dependencies = (
			);
			name = BehavioralTestKit;
			productName = BehavioralTestKit;
			productReference = ACEB1E8C14C7C017005EDB1A /* libBehavioralTestKit.a */;
			productType = "com.apple.product-type.library.static";
		};
		ACEB1E9B14C7C017005EDB1A /* BehavioralTestKitTests */ = {
			isa = PBXNativeTarget;
			buildConfigurationList = ACEB1EB314C7C017005EDB1A /* Build configuration list for PBXNativeTarget "BehavioralTestKitTests" */;
			buildPhases = (
				ACEB1E9714C7C017005EDB1A /* Sources */,
				ACEB1E9814C7C017005EDB1A /* Frameworks */,
				ACEB1E9914C7C017005EDB1A /* Resources */,
				ACEB1E9A14C7C017005EDB1A /* ShellScript */,
			);
			buildRules = (
			);
			dependencies = (
				ACEB1EA314C7C017005EDB1A /* PBXTargetDependency */,
			);
			name = BehavioralTestKitTests;
			productName = BehavioralTestKitTests;
			productReference = ACEB1E9C14C7C017005EDB1A /* BehavioralTestKitTests.octest */;
			productType = "com.apple.product-type.bundle";
		};
/* End PBXNativeTarget section */

/* Begin PBXProject section */
		ACEB1E8314C7C017005EDB1A /* Project object */ = {
			isa = PBXProject;
			attributes = {
				LastUpgradeCheck = 0430;
				ORGANIZATIONNAME = "Michael R. Fleet";
			};
			buildConfigurationList = ACEB1E8614C7C017005EDB1A /* Build configuration list for PBXProject "BehavioralTestKit" */;
			compatibilityVersion = "Xcode 3.2";
			developmentRegion = English;
			hasScannedForEncodings = 0;
			knownRegions = (
				en,
			);
			mainGroup = ACEB1E8114C7C017005EDB1A;
			productRefGroup = ACEB1E8D14C7C017005EDB1A /* Products */;
			projectDirPath = "";
			projectRoot = "";
			targets = (
				ACEB1E8B14C7C017005EDB1A /* BehavioralTestKit */,
				ACEB1E9B14C7C017005EDB1A /* BehavioralTestKitTests */,
			);
		};
/* End PBXProject section */

/* Begin PBXResourcesBuildPhase section */
		ACEB1E9914C7C017005EDB1A /* Resources */ = {
			isa = PBXResourcesBuildPhase;
			buildActionMask = 2147483647;
			files = (
				ACEB1EAA14C7C017005EDB1A /* InfoPlist.strings in Resources */,
			);
			runOnlyForDeploymentPostprocessing = 0;
		};
/* End PBXResourcesBuildPhase section */

/* Begin PBXShellScriptBuildPhase section */
		ACEB1E9A14C7C017005EDB1A /* ShellScript */ = {
			isa = PBXShellScriptBuildPhase;
			buildActionMask = 2147483647;
			files = (
			);
			inputPaths = (
			);
			outputPaths = (
			);
			runOnlyForDeploymentPostprocessing = 0;
			shellPath = /bin/sh;
			shellScript = "# Run the unit tests in this test bundle.\n\"${SYSTEM_DEVELOPER_DIR}/Tools/RunUnitTests\"\n";
		};
/* End PBXShellScriptBuildPhase section */

/* Begin PBXSourcesBuildPhase section */
		ACEB1E8814C7C017005EDB1A /* Sources */ = {
			isa = PBXSourcesBuildPhase;
			buildActionMask = 2147483647;
			files = (
				ACEB1E9614C7C017005EDB1A /* BehavioralTestKit.m in Sources */,
				ACEB1ECC14C7C110005EDB1A /* BTFragment.m in Sources */,
				ACEB1ECE14C7C110005EDB1A /* BTGiven.m in Sources */,
				ACEB1ED014C7C110005EDB1A /* BTScenario.m in Sources */,
				ACEB1ED214C7C110005EDB1A /* BTThen.m in Sources */,
				ACEB1ED414C7C110005EDB1A /* BTWhen.m in Sources */,
				AC5BE3F514F9558100AAA32A /* NSEntityDescription+BTTestable.m in Sources */,
			);
			runOnlyForDeploymentPostprocessing = 0;
		};
		ACEB1E9714C7C017005EDB1A /* Sources */ = {
			isa = PBXSourcesBuildPhase;
			buildActionMask = 2147483647;
			files = (
				ACE87EFE14C9CF5F00EFF3E0 /* AMutableStringAlmond.m in Sources */,
				ACE87EFF14C9CF5F00EFF3E0 /* AMutableStringApple.m in Sources */,
				ACE87F0014C9CF5F00EFF3E0 /* AMutableStringPeanut.m in Sources */,
				ACE87F0114C9CF5F00EFF3E0 /* AppendMutableStringFeature.m in Sources */,
				ACE87F0214C9CF5F00EFF3E0 /* EnsureTheStringIsAlmondButter.m in Sources */,
				ACE87F0314C9CF5F00EFF3E0 /* EnsureTheStringIsAppleButter.m in Sources */,
				ACE87F0414C9CF5F00EFF3E0 /* EnsureTheStringIsPeanutButter.m in Sources */,
				ACE87F0514C9CF5F00EFF3E0 /* StringIsAppendedWithButter.m in Sources */,
			);
			runOnlyForDeploymentPostprocessing = 0;
		};
/* End PBXSourcesBuildPhase section */

/* Begin PBXTargetDependency section */
		ACEB1EA314C7C017005EDB1A /* PBXTargetDependency */ = {
			isa = PBXTargetDependency;
			target = ACEB1E8B14C7C017005EDB1A /* BehavioralTestKit */;
			targetProxy = ACEB1EA214C7C017005EDB1A /* PBXContainerItemProxy */;
		};
/* End PBXTargetDependency section */

/* Begin PBXVariantGroup section */
		ACEB1EA814C7C017005EDB1A /* InfoPlist.strings */ = {
			isa = PBXVariantGroup;
			children = (
				ACEB1EA914C7C017005EDB1A /* en */,
			);
			name = InfoPlist.strings;
			sourceTree = "<group>";
		};
/* End PBXVariantGroup section */

/* Begin XCBuildConfiguration section */
		ACEB1EAE14C7C017005EDB1A /* Debug */ = {
			isa = XCBuildConfiguration;
			buildSettings = {
				ALWAYS_SEARCH_USER_PATHS = NO;
				ARCHS = "$(ARCHS_STANDARD_32_BIT)";
				CLANG_ENABLE_OBJC_ARC = YES;
				COPY_PHASE_STRIP = NO;
				GCC_C_LANGUAGE_STANDARD = gnu99;
				GCC_DYNAMIC_NO_PIC = NO;
				GCC_OPTIMIZATION_LEVEL = 0;
				GCC_PREPROCESSOR_DEFINITIONS = (
					"DEBUG=1",
					"$(inherited)",
				);
				GCC_SYMBOLS_PRIVATE_EXTERN = NO;
				GCC_VERSION = com.apple.compilers.llvm.clang.1_0;
				GCC_WARN_ABOUT_MISSING_PROTOTYPES = YES;
				GCC_WARN_ABOUT_RETURN_TYPE = YES;
				GCC_WARN_UNUSED_VARIABLE = YES;
				IPHONEOS_DEPLOYMENT_TARGET = 5.0;
				SDKROOT = iphoneos;
			};
			name = Debug;
		};
		ACEB1EAF14C7C017005EDB1A /* Release */ = {
			isa = XCBuildConfiguration;
			buildSettings = {
				ALWAYS_SEARCH_USER_PATHS = NO;
				ARCHS = "$(ARCHS_STANDARD_32_BIT)";
				CLANG_ENABLE_OBJC_ARC = YES;
				COPY_PHASE_STRIP = YES;
				GCC_C_LANGUAGE_STANDARD = gnu99;
				GCC_VERSION = com.apple.compilers.llvm.clang.1_0;
				GCC_WARN_ABOUT_MISSING_PROTOTYPES = YES;
				GCC_WARN_ABOUT_RETURN_TYPE = YES;
				GCC_WARN_UNUSED_VARIABLE = YES;
				IPHONEOS_DEPLOYMENT_TARGET = 5.0;
				SDKROOT = iphoneos;
				VALIDATE_PRODUCT = YES;
			};
			name = Release;
		};
		ACEB1EB114C7C017005EDB1A /* Debug */ = {
			isa = XCBuildConfiguration;
			buildSettings = {
				DSTROOT = /tmp/BehavioralTestKit.dst;
				FRAMEWORK_SEARCH_PATHS = (
					"$(inherited)",
					"\"$(DEVELOPER_FRAMEWORKS_DIR)\"",
				);
				GCC_PRECOMPILE_PREFIX_HEADER = YES;
				GCC_PREFIX_HEADER = "BehavioralTestKit/BehavioralTestKit-Prefix.pch";
				OTHER_LDFLAGS = "-ObjC";
				PRODUCT_NAME = "$(TARGET_NAME)";
			};
			name = Debug;
		};
		ACEB1EB214C7C017005EDB1A /* Release */ = {
			isa = XCBuildConfiguration;
			buildSettings = {
				DSTROOT = /tmp/BehavioralTestKit.dst;
				FRAMEWORK_SEARCH_PATHS = (
					"$(inherited)",
					"\"$(DEVELOPER_FRAMEWORKS_DIR)\"",
				);
				GCC_PRECOMPILE_PREFIX_HEADER = YES;
				GCC_PREFIX_HEADER = "BehavioralTestKit/BehavioralTestKit-Prefix.pch";
				OTHER_LDFLAGS = "-ObjC";
				PRODUCT_NAME = "$(TARGET_NAME)";
			};
			name = Release;
		};
		ACEB1EB414C7C017005EDB1A /* Debug */ = {
			isa = XCBuildConfiguration;
			buildSettings = {
				FRAMEWORK_SEARCH_PATHS = (
					"$(SDKROOT)/Developer/Library/Frameworks",
					"$(DEVELOPER_LIBRARY_DIR)/Frameworks",
				);
				GCC_PRECOMPILE_PREFIX_HEADER = YES;
				GCC_PREFIX_HEADER = "BehavioralTestKit/BehavioralTestKit-Prefix.pch";
				INFOPLIST_FILE = "BehavioralTestKitTests/BehavioralTestKitTests-Info.plist";
				PRODUCT_NAME = "$(TARGET_NAME)";
				WRAPPER_EXTENSION = octest;
			};
			name = Debug;
		};
		ACEB1EB514C7C017005EDB1A /* Release */ = {
			isa = XCBuildConfiguration;
			buildSettings = {
				FRAMEWORK_SEARCH_PATHS = (
					"$(SDKROOT)/Developer/Library/Frameworks",
					"$(DEVELOPER_LIBRARY_DIR)/Frameworks",
				);
				GCC_PRECOMPILE_PREFIX_HEADER = YES;
				GCC_PREFIX_HEADER = "BehavioralTestKit/BehavioralTestKit-Prefix.pch";
				INFOPLIST_FILE = "BehavioralTestKitTests/BehavioralTestKitTests-Info.plist";
				PRODUCT_NAME = "$(TARGET_NAME)";
				WRAPPER_EXTENSION = octest;
			};
			name = Release;
		};
/* End XCBuildConfiguration section */

/* Begin XCConfigurationList section */
		ACEB1E8614C7C017005EDB1A /* Build configuration list for PBXProject "BehavioralTestKit" */ = {
			isa = XCConfigurationList;
			buildConfigurations = (
				ACEB1EAE14C7C017005EDB1A /* Debug */,
				ACEB1EAF14C7C017005EDB1A /* Release */,
			);
			defaultConfigurationIsVisible = 0;
			defaultConfigurationName = Release;
		};
		ACEB1EB014C7C017005EDB1A /* Build configuration list for PBXNativeTarget "BehavioralTestKit" */ = {
			isa = XCConfigurationList;
			buildConfigurations = (
				ACEB1EB114C7C017005EDB1A /* Debug */,
				ACEB1EB214C7C017005EDB1A /* Release */,
			);
			defaultConfigurationIsVisible = 0;
			defaultConfigurationName = Release;
		};
		ACEB1EB314C7C017005EDB1A /* Build configuration list for PBXNativeTarget "BehavioralTestKitTests" */ = {
			isa = XCConfigurationList;
			buildConfigurations = (
				ACEB1EB414C7C017005EDB1A /* Debug */,
				ACEB1EB514C7C017005EDB1A /* Release */,
			);
			defaultConfigurationIsVisible = 0;
			defaultConfigurationName = Release;
		};
/* End XCConfigurationList section */
	};
	rootObject = ACEB1E8314C7C017005EDB1A /* Project object */;
}
